
Microsoft Visual Studio Solution File, Format Version 12.00
# Visual Studio Version 16
VisualStudioVersion = 16.0.30011.22
MinimumVisualStudioVersion = 10.0.40219.1
Project("{FAE04EC0-301F-11D3-BF4B-00C04F79EFBC}") = "LCTraining", "LCTraining.csproj", "{6B2FC830-DC92-4585-A64E-0BB3F585950A}"
EndProject
Project("{FAE04EC0-301F-11D3-BF4B-00C04F79EFBC}") = "ArrayNString", "Src\ArrayNString\ArrayNString.csproj", "{601C3684-22AF-42C9-9D71-B1D2F0DDC55F}"
EndProject
Global
	GlobalSection(SolutionConfigurationPlatforms) = preSolution
		Debug|Any CPU = Debug|Any CPU
		Release|Any CPU = Release|Any CPU
	EndGlobalSection
	GlobalSection(ProjectConfigurationPlatforms) = postSolution
		{6B2FC830-DC92-4585-A64E-0BB3F585950A}.Debug|Any CPU.ActiveCfg = Debug|Any CPU
		{6B2FC830-DC92-4585-A64E-0BB3F585950A}.Debug|Any CPU.Build.0 = Debug|Any CPU
		{6B2FC830-DC92-4585-A64E-0BB3F585950A}.Release|Any CPU.ActiveCfg = Release|Any CPU
		{6B2FC830-DC92-4585-A64E-0BB3F585950A}.Release|Any CPU.Build.0 = Release|Any CPU
		{601C3684-22AF-42C9-9D71-B1D2F0DDC55F}.Debug|Any CPU.ActiveCfg = Debug|Any CPU
		{601C3684-22AF-42C9-9D71-B1D2F0DDC55F}.Debug|Any CPU.Build.0 = Debug|Any CPU
		{601C3684-22AF-42C9-9D71-B1D2F0DDC55F}.Release|Any CPU.ActiveCfg = Release|Any CPU
		{601C3684-22AF-42C9-9D71-B1D2F0DDC55F}.Release|Any CPU.Build.0 = Release|Any CPU
	EndGlobalSection
	GlobalSection(SolutionProperties) = preSolution
		HideSolutionNode = FALSE
	EndGlobalSection
	GlobalSection(ExtensibilityGlobals) = postSolution
		SolutionGuid = {BE57AB93-B6ED-4B28-8054-9D84510DC30A}
	EndGlobalSection
EndGlobal
